// !$*UTF8*$!
{
	archiveVersion = 1;
	classes = {
	};
	objectVersion = 56;
	objects = {

/* Begin PBXBuildFile section */
		75041ED82F6D91B2006768BF /* suaMusicaApp.swift in Sources */ = {isa = PBXBuildFile; fileRef = 75041ED72F6D91B2006768BF /* suaMusicaApp.swift */; };
		75041EDA2F6D91B2006768BF /* ContentView.swift in Sources */ = {isa = PBXBuildFile; fileRef = 75041ED92F6D91B2006768BF /* ContentView.swift */; };
		75041EDC2F6D91B4006768BF /* Assets.xcassets in Resources */ = {isa = PBXBuildFile; fileRef = 75041EDB2F6D91B4006768BF /* Assets.xcassets */; };
		75041EDF2F6D91B4006768BF /* Preview Assets.xcassets in Resources */ = {isa = PBXBuildFile; fileRef = 75041EDE2F6D91B4006768BF /* Preview Assets.xcassets */; };
		75041EE92F6D91B4006768BF /* suaMusicaTests.swift in Sources */ = {isa = PBXBuildFile; fileRef = 75041EE82F6D91B4006768BF /* suaMusicaTests.swift */; };
		75041EF32F6D91B4006768BF /* suaMusicaUITests.swift in Sources */ = {isa = PBXBuildFile; fileRef = 75041EF22F6D91B4006768BF /* suaMusicaUITests.swift */; };
		75041EF52F6D91B4006768BF /* suaMusicaUITestsLaunchTests.swift in Sources */ = {isa = PBXBuildFile; fileRef = 75041EF42F6D91B4006768BF /* suaMusicaUITestsLaunchTests.swift */; };
		75041F162F6D9D4D006768BF /* Tracks.swift in Sources */ = {isa = PBXBuildFile; fileRef = 75041F152F6D9D4D006768BF /* Tracks.swift */; };
		75041F182F6D9D88006768BF /* PlayerRepository.swift in Sources */ = {isa = PBXBuildFile; fileRef = 75041F172F6D9D88006768BF /* PlayerRepository.swift */; };
		75041F1A2F6D9D98006768BF /* PlayTrackUseCase.swift in Sources */ = {isa = PBXBuildFile; fileRef = 75041F192F6D9D98006768BF /* PlayTrackUseCase.swift */; };
		75041F1C2F6D9DA8006768BF /* CrossfadeToNextUseCase.swift in Sources */ = {isa = PBXBuildFile; fileRef = 75041F1B2F6D9DA8006768BF /* CrossfadeToNextUseCase.swift */; };
		75041F202F6DA82B006768BF /* AVPlayerRepository.swift in Sources */ = {isa = PBXBuildFile; fileRef = 75041F1F2F6DA82B006768BF /* AVPlayerRepository.swift */; };
		75041F252F6DA9A1006768BF /* PlayerManager.swift in Sources */ = {isa = PBXBuildFile; fileRef = 75041F242F6DA9A1006768BF /* PlayerManager.swift */; };
/* End PBXBuildFile section */

/* Begin PBXContainerItemProxy section */
		75041EE52F6D91B4006768BF /* PBXContainerItemProxy */ = {
			isa = PBXContainerItemProxy;
			containerPortal = 75041ECC2F6D91B2006768BF /* Project object */;
			proxyType = 1;
			remoteGlobalIDString = 75041ED32F6D91B2006768BF;
			remoteInfo = suaMusica;
		};
		75041EEF2F6D91B4006768BF /* PBXContainerItemProxy */ = {
			isa = PBXContainerItemProxy;
			containerPortal = 75041ECC2F6D91B2006768BF /* Project object */;
			proxyType = 1;
			remoteGlobalIDString = 75041ED32F6D91B2006768BF;
			remoteInfo = suaMusica;
		};
/* End PBXContainerItemProxy section */

/* Begin PBXFileReference section */
		75041ED42F6D91B2006768BF /* suaMusica.app */ = {isa = PBXFileReference; explicitFileType = wrapper.application; includeInIndex = 0; path = suaMusica.app; sourceTree = BUILT_PRODUCTS_DIR; };
		75041ED72F6D91B2006768BF /* suaMusicaApp.swift */ = {isa = PBXFileReference; lastKnownFileType = sourcecode.swift; path = suaMusicaApp.swift; sourceTree = "<group>"; };
		75041ED92F6D91B2006768BF /* ContentView.swift */ = {isa = PBXFileReference; lastKnownFileType = sourcecode.swift; path = ContentView.swift; sourceTree = "<group>"; };
		75041EDB2F6D91B4006768BF /* Assets.xcassets */ = {isa = PBXFileReference; lastKnownFileType = folder.assetcatalog; path = Assets.xcassets; sourceTree = "<group>"; };
		75041EDE2F6D91B4006768BF /* Preview Assets.xcassets */ = {isa = PBXFileReference; lastKnownFileType = folder.assetcatalog; path = "Preview Assets.xcassets"; sourceTree = "<group>"; };
		75041EE42F6D91B4006768BF /* suaMusicaTests.xctest */ = {isa = PBXFileReference; explicitFileType = wrapper.cfbundle; includeInIndex = 0; path = suaMusicaTests.xctest; sourceTree = BUILT_PRODUCTS_DIR; };
		75041EE82F6D91B4006768BF /* suaMusicaTests.swift */ = {isa = PBXFileReference; lastKnownFileType = sourcecode.swift; path = suaMusicaTests.swift; sourceTree = "<group>"; };
		75041EEE2F6D91B4006768BF /* suaMusicaUITests.xctest */ = {isa = PBXFileReference; explicitFileType = wrapper.cfbundle; includeInIndex = 0; path = suaMusicaUITests.xctest; sourceTree = BUILT_PRODUCTS_DIR; };
		75041EF22F6D91B4006768BF /* suaMusicaUITests.swift */ = {isa = PBXFileReference; lastKnownFileType = sourcecode.swift; path = suaMusicaUITests.swift; sourceTree = "<group>"; };
		75041EF42F6D91B4006768BF /* suaMusicaUITestsLaunchTests.swift */ = {isa = PBXFileReference; lastKnownFileType = sourcecode.swift; path = suaMusicaUITestsLaunchTests.swift; sourceTree = "<group>"; };
		75041F152F6D9D4D006768BF /* Tracks.swift */ = {isa = PBXFileReference; lastKnownFileType = sourcecode.swift; path = Tracks.swift; sourceTree = SOURCE_ROOT; };
		75041F172F6D9D88006768BF /* PlayerRepository.swift */ = {isa = PBXFileReference; lastKnownFileType = sourcecode.swift; path = PlayerRepository.swift; sourceTree = "<group>"; };
		75041F192F6D9D98006768BF /* PlayTrackUseCase.swift */ = {isa = PBXFileReference; lastKnownFileType = sourcecode.swift; path = PlayTrackUseCase.swift; sourceTree = "<group>"; };
		75041F1B2F6D9DA8006768BF /* CrossfadeToNextUseCase.swift */ = {isa = PBXFileReference; lastKnownFileType = sourcecode.swift; path = CrossfadeToNextUseCase.swift; sourceTree = "<group>"; };
		75041F1F2F6DA82B006768BF /* AVPlayerRepository.swift */ = {isa = PBXFileReference; lastKnownFileType = sourcecode.swift; path = AVPlayerRepository.swift; sourceTree = "<group>"; };
		75041F242F6DA9A1006768BF /* PlayerManager.swift */ = {isa = PBXFileReference; lastKnownFileType = sourcecode.swift; path = PlayerManager.swift; sourceTree = "<group>"; };
/* End PBXFileReference section */

/* Begin PBXFrameworksBuildPhase section */
		75041ED12F6D91B2006768BF /* Frameworks */ = {
			isa = PBXFrameworksBuildPhase;
			buildActionMask = 2147483647;
			files = (
			);
			runOnlyForDeploymentPostprocessing = 0;
		};
		75041EE12F6D91B4006768BF /* Frameworks */ = {
			isa = PBXFrameworksBuildPhase;
			buildActionMask = 2147483647;
			files = (
			);
			runOnlyForDeploymentPostprocessing = 0;
		};
		75041EEB2F6D91B4006768BF /* Frameworks */ = {
			isa = PBXFrameworksBuildPhase;
			buildActionMask = 2147483647;
			files = (
			);
			runOnlyForDeploymentPostprocessing = 0;
		};
/* End PBXFrameworksBuildPhase section */

/* Begin PBXGroup section */
		75041ECB2F6D91B2006768BF = {
			isa = PBXGroup;
			children = (
				75041ED62F6D91B2006768BF /* suaMusica */,
				75041EE72F6D91B4006768BF /* suaMusicaTests */,
				75041EF12F6D91B4006768BF /* suaMusicaUITests */,
				75041ED52F6D91B2006768BF /* Products */,
			);
			sourceTree = "<group>";
		};
		75041ED52F6D91B2006768BF /* Products */ = {
			isa = PBXGroup;
			children = (
				75041ED42F6D91B2006768BF /* suaMusica.app */,
				75041EE42F6D91B4006768BF /* suaMusicaTests.xctest */,
				75041EEE2F6D91B4006768BF /* suaMusicaUITests.xctest */,
			);
			name = Products;
			sourceTree = "<group>";
		};
		75041ED62F6D91B2006768BF /* suaMusica */ = {
			isa = PBXGroup;
			children = (
				75041F0F2F6D9745006768BF /* App */,
				75041F212F6DA98F006768BF /* Core */,
				75041F1D2F6DA7FE006768BF /* Data */,
				75041F112F6D9D1F006768BF /* Domain */,
				75041F102F6D9A86006768BF /* Presentation */,
				75041F012F6D925C006768BF /* Resources */,
				75041EDD2F6D91B4006768BF /* Preview Content */,
			);
			path = suaMusica;
			sourceTree = "<group>";
		};
		75041EDD2F6D91B4006768BF /* Preview Content */ = {
			isa = PBXGroup;
			children = (
				75041EDE2F6D91B4006768BF /* Preview Assets.xcassets */,
			);
			path = "Preview Content";
			sourceTree = "<group>";
		};
		75041EE72F6D91B4006768BF /* suaMusicaTests */ = {
			isa = PBXGroup;
			children = (
				75041EE82F6D91B4006768BF /* suaMusicaTests.swift */,
			);
			path = suaMusicaTests;
			sourceTree = "<group>";
		};
		75041EF12F6D91B4006768BF /* suaMusicaUITests */ = {
			isa = PBXGroup;
			children = (
				75041EF22F6D91B4006768BF /* suaMusicaUITests.swift */,
				75041EF42F6D91B4006768BF /* suaMusicaUITestsLaunchTests.swift */,
			);
			path = suaMusicaUITests;
			sourceTree = "<group>";
		};
		75041F012F6D925C006768BF /* Resources */ = {
			isa = PBXGroup;
			children = (
				75041EDB2F6D91B4006768BF /* Assets.xcassets */,
			);
			path = Resources;
			sourceTree = "<group>";
		};
		75041F0F2F6D9745006768BF /* App */ = {
			isa = PBXGroup;
			children = (
				75041ED72F6D91B2006768BF /* suaMusicaApp.swift */,
			);
			path = App;
			sourceTree = "<group>";
		};
		75041F102F6D9A86006768BF /* Presentation */ = {
			isa = PBXGroup;
			children = (
				75041ED92F6D91B2006768BF /* ContentView.swift */,
			);
			path = Presentation;
			sourceTree = "<group>";
		};
		75041F112F6D9D1F006768BF /* Domain */ = {
			isa = PBXGroup;
			children = (
				75041F142F6D9D40006768BF /* Models */,
				75041F132F6D9D3A006768BF /* Repositories */,
				75041F122F6D9D2D006768BF /* UseCases */,
			);
			path = Domain;
			sourceTree = "<group>";
		};
		75041F122F6D9D2D006768BF /* UseCases */ = {
			isa = PBXGroup;
			children = (
				75041F192F6D9D98006768BF /* PlayTrackUseCase.swift */,
				75041F1B2F6D9DA8006768BF /* CrossfadeToNextUseCase.swift */,
			);
			path = UseCases;
			sourceTree = "<group>";
		};
		75041F132F6D9D3A006768BF /* Repositories */ = {
			isa = PBXGroup;
			children = (
				75041F172F6D9D88006768BF /* PlayerRepository.swift */,
			);
			path = Repositories;
			sourceTree = "<group>";
		};
		75041F142F6D9D40006768BF /* Models */ = {
			isa = PBXGroup;
			children = (
				75041F152F6D9D4D006768BF /* Tracks.swift */,
			);
			path = Models;
			sourceTree = "<group>";
		};
		75041F1D2F6DA7FE006768BF /* Data */ = {
			isa = PBXGroup;
			children = (
				75041F1E2F6DA803006768BF /* Repositories */,
			);
			path = Data;
			sourceTree = "<group>";
		};
		75041F1E2F6DA803006768BF /* Repositories */ = {
			isa = PBXGroup;
			children = (
				75041F1F2F6DA82B006768BF /* AVPlayerRepository.swift */,
			);
			path = Repositories;
			sourceTree = "<group>";
		};
		75041F212F6DA98F006768BF /* Core */ = {
			isa = PBXGroup;
			children = (
				75041F222F6DA992006768BF /* Player */,
			);
			path = Core;
			sourceTree = "<group>";
		};
		75041F222F6DA992006768BF /* Player */ = {
			isa = PBXGroup;
			children = (
				75041F242F6DA9A1006768BF /* PlayerManager.swift */,
			);
			path = Player;
			sourceTree = "<group>";
		};
/* End PBXGroup section */

/* Begin PBXNativeTarget section */
		75041ED32F6D91B2006768BF /* suaMusica */ = {
			isa = PBXNativeTarget;
			buildConfigurationList = 75041EF82F6D91B4006768BF /* Build configuration list for PBXNativeTarget "suaMusica" */;
			buildPhases = (
				75041ED02F6D91B2006768BF /* Sources */,
				75041ED12F6D91B2006768BF /* Frameworks */,
				75041ED22F6D91B2006768BF /* Resources */,
			);
			buildRules = (
			);
			dependencies = (
			);
			name = suaMusica;
			productName = suaMusica;
			productReference = 75041ED42F6D91B2006768BF /* suaMusica.app */;
			productType = "com.apple.product-type.application";
		};
		75041EE32F6D91B4006768BF /* suaMusicaTests */ = {
			isa = PBXNativeTarget;
			buildConfigurationList = 75041EFB2F6D91B5006768BF /* Build configuration list for PBXNativeTarget "suaMusicaTests" */;
			buildPhases = (
				75041EE02F6D91B4006768BF /* Sources */,
				75041EE12F6D91B4006768BF /* Frameworks */,
				75041EE22F6D91B4006768BF /* Resources */,
			);
			buildRules = (
			);
			dependencies = (
				75041EE62F6D91B4006768BF /* PBXTargetDependency */,
			);
			name = suaMusicaTests;
			productName = suaMusicaTests;
			productReference = 75041EE42F6D91B4006768BF /* suaMusicaTests.xctest */;
			productType = "com.apple.product-type.bundle.unit-test";
		};
		75041EED2F6D91B4006768BF /* suaMusicaUITests */ = {
			isa = PBXNativeTarget;
			buildConfigurationList = 75041EFE2F6D91B5006768BF /* Build configuration list for PBXNativeTarget "suaMusicaUITests" */;
			buildPhases = (
				75041EEA2F6D91B4006768BF /* Sources */,
				75041EEB2F6D91B4006768BF /* Frameworks */,
				75041EEC2F6D91B4006768BF /* Resources */,
			);
			buildRules = (
			);
			dependencies = (
				75041EF02F6D91B4006768BF /* PBXTargetDependency */,
			);
			name = suaMusicaUITests;
			productName = suaMusicaUITests;
			productReference = 75041EEE2F6D91B4006768BF /* suaMusicaUITests.xctest */;
			productType = "com.apple.product-type.bundle.ui-testing";
		};
/* End PBXNativeTarget section */

/* Begin PBXProject section */
		75041ECC2F6D91B2006768BF /* Project object */ = {
			isa = PBXProject;
			attributes = {
				BuildIndependentTargetsInParallel = 1;
				LastSwiftUpdateCheck = 1540;
				LastUpgradeCheck = 1540;
				TargetAttributes = {
					75041ED32F6D91B2006768BF = {
						CreatedOnToolsVersion = 15.4;
					};
					75041EE32F6D91B4006768BF = {
						CreatedOnToolsVersion = 15.4;
						TestTargetID = 75041ED32F6D91B2006768BF;
					};
					75041EED2F6D91B4006768BF = {
						CreatedOnToolsVersion = 15.4;
						TestTargetID = 75041ED32F6D91B2006768BF;
					};
				};
			};
			buildConfigurationList = 75041ECF2F6D91B2006768BF /* Build configuration list for PBXProject "suaMusica" */;
			compatibilityVersion = "Xcode 14.0";
			developmentRegion = en;
			hasScannedForEncodings = 0;
			knownRegions = (
				en,
				Base,
			);
			mainGroup = 75041ECB2F6D91B2006768BF;
			productRefGroup = 75041ED52F6D91B2006768BF /* Products */;
			projectDirPath = "";
			projectRoot = "";
			targets = (
				75041ED32F6D91B2006768BF /* suaMusica */,
				75041EE32F6D91B4006768BF /* suaMusicaTests */,
				75041EED2F6D91B4006768BF /* suaMusicaUITests */,
			);
		};
/* End PBXProject section */

/* Begin PBXResourcesBuildPhase section */
		75041ED22F6D91B2006768BF /* Resources */ = {
			isa = PBXResourcesBuildPhase;
			buildActionMask = 2147483647;
			files = (
				75041EDF2F6D91B4006768BF /* Preview Assets.xcassets in Resources */,
				75041EDC2F6D91B4006768BF /* Assets.xcassets in Resources */,
			);
			runOnlyForDeploymentPostprocessing = 0;
		};
		75041EE22F6D91B4006768BF /* Resources */ = {
			isa = PBXResourcesBuildPhase;
			buildActionMask = 2147483647;
			files = (
			);
			runOnlyForDeploymentPostprocessing = 0;
		};
		75041EEC2F6D91B4006768BF /* Resources */ = {
			isa = PBXResourcesBuildPhase;
			buildActionMask = 2147483647;
			files = (
			);
			runOnlyForDeploymentPostprocessing = 0;
		};
/* End PBXResourcesBuildPhase section */

/* Begin PBXSourcesBuildPhase section */
		75041ED02F6D91B2006768BF /* Sources */ = {
			isa = PBXSourcesBuildPhase;
			buildActionMask = 2147483647;
			files = (
				75041F202F6DA82B006768BF /* AVPlayerRepository.swift in Sources */,
				75041F1C2F6D9DA8006768BF /* CrossfadeToNextUseCase.swift in Sources */,
				75041F162F6D9D4D006768BF /* Tracks.swift in Sources */,
				75041EDA2F6D91B2006768BF /* ContentView.swift in Sources */,
				75041F182F6D9D88006768BF /* PlayerRepository.swift in Sources */,
				75041F1A2F6D9D98006768BF /* PlayTrackUseCase.swift in Sources */,
				75041F252F6DA9A1006768BF /* PlayerManager.swift in Sources */,
				75041ED82F6D91B2006768BF /* suaMusicaApp.swift in Sources */,
			);
			runOnlyForDeploymentPostprocessing = 0;
		};
		75041EE02F6D91B4006768BF /* Sources */ = {
			isa = PBXSourcesBuildPhase;
			buildActionMask = 2147483647;
			files = (
				75041EE92F6D91B4006768BF /* suaMusicaTests.swift in Sources */,
			);
			runOnlyForDeploymentPostprocessing = 0;
		};
		75041EEA2F6D91B4006768BF /* Sources */ = {
			isa = PBXSourcesBuildPhase;
			buildActionMask = 2147483647;
			files = (
				75041EF52F6D91B4006768BF /* suaMusicaUITestsLaunchTests.swift in Sources */,
				75041EF32F6D91B4006768BF /* suaMusicaUITests.swift in Sources */,
			);
			runOnlyForDeploymentPostprocessing = 0;
		};
/* End PBXSourcesBuildPhase section */

/* Begin PBXTargetDependency section */
		75041EE62F6D91B4006768BF /* PBXTargetDependency */ = {
			isa = PBXTargetDependency;
			target = 75041ED32F6D91B2006768BF /* suaMusica */;
			targetProxy = 75041EE52F6D91B4006768BF /* PBXContainerItemProxy */;
		};
		75041EF02F6D91B4006768BF /* PBXTargetDependency */ = {
			isa = PBXTargetDependency;
			target = 75041ED32F6D91B2006768BF /* suaMusica */;
			targetProxy = 75041EEF2F6D91B4006768BF /* PBXContainerItemProxy */;
		};
/* End PBXTargetDependency section */

/* Begin XCBuildConfiguration section */
		75041EF62F6D91B4006768BF /* Debug */ = {
			isa = XCBuildConfiguration;
			buildSettings = {
				ALWAYS_SEARCH_USER_PATHS = NO;
				ASSETCATALOG_COMPILER_GENERATE_SWIFT_ASSET_SYMBOL_EXTENSIONS = YES;
				CLANG_ANALYZER_NONNULL = YES;
				CLANG_ANALYZER_NUMBER_OBJECT_CONVERSION = YES_AGGRESSIVE;
				CLANG_CXX_LANGUAGE_STANDARD = "gnu++20";
				CLANG_ENABLE_MODULES = YES;
				CLANG_ENABLE_OBJC_ARC = YES;
				CLANG_ENABLE_OBJC_WEAK = YES;
				CLANG_WARN_BLOCK_CAPTURE_AUTORELEASING = YES;
				CLANG_WARN_BOOL_CONVERSION = YES;
				CLANG_WARN_COMMA = YES;
				CLANG_WARN_CONSTANT_CONVERSION = YES;
				CLANG_WARN_DEPRECATED_OBJC_IMPLEMENTATIONS = YES;
				CLANG_WARN_DIRECT_OBJC_ISA_USAGE = YES_ERROR;
				CLANG_WARN_DOCUMENTATION_COMMENTS = YES;
				CLANG_WARN_EMPTY_BODY = YES;
				CLANG_WARN_ENUM_CONVERSION = YES;
				CLANG_WARN_INFINITE_RECURSION = YES;
				CLANG_WARN_INT_CONVERSION = YES;
				CLANG_WARN_NON_LITERAL_NULL_CONVERSION = YES;
				CLANG_WARN_OBJC_IMPLICIT_RETAIN_SELF = YES;
				CLANG_WARN_OBJC_LITERAL_CONVERSION = YES;
				CLANG_WARN_OBJC_ROOT_CLASS = YES_ERROR;
				CLANG_WARN_QUOTED_INCLUDE_IN_FRAMEWORK_HEADER = YES;
				CLANG_WARN_RANGE_LOOP_ANALYSIS = YES;
				CLANG_WARN_STRICT_PROTOTYPES = YES;
				CLANG_WARN_SUSPICIOUS_MOVE = YES;
				CLANG_WARN_UNGUARDED_AVAILABILITY = YES_AGGRESSIVE;
				CLANG_WARN_UNREACHABLE_CODE = YES;
				CLANG_WARN__DUPLICATE_METHOD_MATCH = YES;
				COPY_PHASE_STRIP = NO;
				DEBUG_INFORMATION_FORMAT = dwarf;
				ENABLE_STRICT_OBJC_MSGSEND = YES;
				ENABLE_TESTABILITY = YES;
				ENABLE_USER_SCRIPT_SANDBOXING = YES;
				GCC_C_LANGUAGE_STANDARD = gnu17;
				GCC_DYNAMIC_NO_PIC = NO;
				GCC_NO_COMMON_BLOCKS = YES;
				GCC_OPTIMIZATION_LEVEL = 0;
				GCC_PREPROCESSOR_DEFINITIONS = (
					"DEBUG=1",
					"$(inherited)",
				);
				GCC_WARN_64_TO_32_BIT_CONVERSION = YES;
				GCC_WARN_ABOUT_RETURN_TYPE = YES_ERROR;
				GCC_WARN_UNDECLARED_SELECTOR = YES;
				GCC_WARN_UNINITIALIZED_AUTOS = YES_AGGRESSIVE;
				GCC_WARN_UNUSED_FUNCTION = YES;
				GCC_WARN_UNUSED_VARIABLE = YES;
				IPHONEOS_DEPLOYMENT_TARGET = 17.5;
				LOCALIZATION_PREFERS_STRING_CATALOGS = YES;
				MTL_ENABLE_DEBUG_INFO = INCLUDE_SOURCE;
				MTL_FAST_MATH = YES;
				ONLY_ACTIVE_ARCH = YES;
				SDKROOT = iphoneos;
				SWIFT_ACTIVE_COMPILATION_CONDITIONS = "DEBUG $(inherited)";
				SWIFT_OPTIMIZATION_LEVEL = "-Onone";
			};
			name = Debug;
		};
		75041EF72F6D91B4006768BF /* Release */ = {
			isa = XCBuildConfiguration;
			buildSettings = {
				ALWAYS_SEARCH_USER_PATHS = NO;
				ASSETCATALOG_COMPILER_GENERATE_SWIFT_ASSET_SYMBOL_EXTENSIONS = YES;
				CLANG_ANALYZER_NONNULL = YES;
				CLANG_ANALYZER_NUMBER_OBJECT_CONVERSION = YES_AGGRESSIVE;
				CLANG_CXX_LANGUAGE_STANDARD = "gnu++20";
				CLANG_ENABLE_MODULES = YES;
				CLANG_ENABLE_OBJC_ARC = YES;
				CLANG_ENABLE_OBJC_WEAK = YES;
				CLANG_WARN_BLOCK_CAPTURE_AUTORELEASING = YES;
				CLANG_WARN_BOOL_CONVERSION = YES;
				CLANG_WARN_COMMA = YES;
				CLANG_WARN_CONSTANT_CONVERSION = YES;
				CLANG_WARN_DEPRECATED_OBJC_IMPLEMENTATIONS = YES;
				CLANG_WARN_DIRECT_OBJC_ISA_USAGE = YES_ERROR;
				CLANG_WARN_DOCUMENTATION_COMMENTS = YES;
				CLANG_WARN_EMPTY_BODY = YES;
				CLANG_WARN_ENUM_CONVERSION = YES;
				CLANG_WARN_INFINITE_RECURSION = YES;
				CLANG_WARN_INT_CONVERSION = YES;
				CLANG_WARN_NON_LITERAL_NULL_CONVERSION = YES;
				CLANG_WARN_OBJC_IMPLICIT_RETAIN_SELF = YES;
				CLANG_WARN_OBJC_LITERAL_CONVERSION = YES;
				CLANG_WARN_OBJC_ROOT_CLASS = YES_ERROR;
				CLANG_WARN_QUOTED_INCLUDE_IN_FRAMEWORK_HEADER = YES;
				CLANG_WARN_RANGE_LOOP_ANALYSIS = YES;
				CLANG_WARN_STRICT_PROTOTYPES = YES;
				CLANG_WARN_SUSPICIOUS_MOVE = YES;
				CLANG_WARN_UNGUARDED_AVAILABILITY = YES_AGGRESSIVE;
				CLANG_WARN_UNREACHABLE_CODE = YES;
				CLANG_WARN__DUPLICATE_METHOD_MATCH = YES;
				COPY_PHASE_STRIP = NO;
				DEBUG_INFORMATION_FORMAT = "dwarf-with-dsym";
				ENABLE_NS_ASSERTIONS = NO;
				ENABLE_STRICT_OBJC_MSGSEND = YES;
				ENABLE_USER_SCRIPT_SANDBOXING = YES;
				GCC_C_LANGUAGE_STANDARD = gnu17;
				GCC_NO_COMMON_BLOCKS = YES;
				GCC_WARN_64_TO_32_BIT_CONVERSION = YES;
				GCC_WARN_ABOUT_RETURN_TYPE = YES_ERROR;
				GCC_WARN_UNDECLARED_SELECTOR = YES;
				GCC_WARN_UNINITIALIZED_AUTOS = YES_AGGRESSIVE;
				GCC_WARN_UNUSED_FUNCTION = YES;
				GCC_WARN_UNUSED_VARIABLE = YES;
				IPHONEOS_DEPLOYMENT_TARGET = 17.5;
				LOCALIZATION_PREFERS_STRING_CATALOGS = YES;
				MTL_ENABLE_DEBUG_INFO = NO;
				MTL_FAST_MATH = YES;
				SDKROOT = iphoneos;
				SWIFT_COMPILATION_MODE = wholemodule;
				VALIDATE_PRODUCT = YES;
			};
			name = Release;
		};
		75041EF92F6D91B4006768BF /* Debug */ = {
			isa = XCBuildConfiguration;
			buildSettings = {
				ASSETCATALOG_COMPILER_APPICON_NAME = AppIcon;
				ASSETCATALOG_COMPILER_GLOBAL_ACCENT_COLOR_NAME = AccentColor;
				CODE_SIGN_STYLE = Automatic;
				CURRENT_PROJECT_VERSION = 1;
				DEVELOPMENT_ASSET_PATHS = "\"suaMusica/Preview Content\"";
				ENABLE_PREVIEWS = YES;
				GENERATE_INFOPLIST_FILE = YES;
				INFOPLIST_KEY_UIApplicationSceneManifest_Generation = YES;
				INFOPLIST_KEY_UIApplicationSupportsIndirectInputEvents = YES;
				INFOPLIST_KEY_UILaunchScreen_Generation = YES;
				INFOPLIST_KEY_UISupportedInterfaceOrientations_iPad = "UIInterfaceOrientationPortrait UIInterfaceOrientationPortraitUpsideDown UIInterfaceOrientationLandscapeLeft UIInterfaceOrientationLandscapeRight";
				INFOPLIST_KEY_UISupportedInterfaceOrientations_iPhone = "UIInterfaceOrientationPortrait UIInterfaceOrientationLandscapeLeft UIInterfaceOrientationLandscapeRight";
				LD_RUNPATH_SEARCH_PATHS = (
					"$(inherited)",
					"@executable_path/Frameworks",
				);
				MARKETING_VERSION = 1.0;
				PRODUCT_BUNDLE_IDENTIFIER = com.rafaelmelo.suaMusica;
				PRODUCT_NAME = "$(TARGET_NAME)";
				SWIFT_EMIT_LOC_STRINGS = YES;
				SWIFT_VERSION = 5.0;
				TARGETED_DEVICE_FAMILY = "1,2";
			};
			name = Debug;
		};
		75041EFA2F6D91B4006768BF /* Release */ = {
			isa = XCBuildConfiguration;
			buildSettings = {
				ASSETCATALOG_COMPILER_APPICON_NAME = AppIcon;
				ASSETCATALOG_COMPILER_GLOBAL_ACCENT_COLOR_NAME = AccentColor;
				CODE_SIGN_STYLE = Automatic;
				CURRENT_PROJECT_VERSION = 1;
				DEVELOPMENT_ASSET_PATHS = "\"suaMusica/Preview Content\"";
				ENABLE_PREVIEWS = YES;
				GENERATE_INFOPLIST_FILE = YES;
				INFOPLIST_KEY_UIApplicationSceneManifest_Generation = YES;
				INFOPLIST_KEY_UIApplicationSupportsIndirectInputEvents = YES;
				INFOPLIST_KEY_UILaunchScreen_Generation = YES;
				INFOPLIST_KEY_UISupportedInterfaceOrientations_iPad = "UIInterfaceOrientationPortrait UIInterfaceOrientationPortraitUpsideDown UIInterfaceOrientationLandscapeLeft UIInterfaceOrientationLandscapeRight";
				INFOPLIST_KEY_UISupportedInterfaceOrientations_iPhone = "UIInterfaceOrientationPortrait UIInterfaceOrientationLandscapeLeft UIInterfaceOrientationLandscapeRight";
				LD_RUNPATH_SEARCH_PATHS = (
					"$(inherited)",
					"@executable_path/Frameworks",
				);
				MARKETING_VERSION = 1.0;
				PRODUCT_BUNDLE_IDENTIFIER = com.rafaelmelo.suaMusica;
				PRODUCT_NAME = "$(TARGET_NAME)";
				SWIFT_EMIT_LOC_STRINGS = YES;
				SWIFT_VERSION = 5.0;
				TARGETED_DEVICE_FAMILY = "1,2";
			};
			name = Release;
		};
		75041EFC2F6D91B5006768BF /* Debug */ = {
			isa = XCBuildConfiguration;
			buildSettings = {
				ALWAYS_EMBED_SWIFT_STANDARD_LIBRARIES = YES;
				BUNDLE_LOADER = "$(TEST_HOST)";
				CODE_SIGN_STYLE = Automatic;
				CURRENT_PROJECT_VERSION = 1;
				GENERATE_INFOPLIST_FILE = YES;
				IPHONEOS_DEPLOYMENT_TARGET = 17.5;
				MARKETING_VERSION = 1.0;
				PRODUCT_BUNDLE_IDENTIFIER = com.rafaelmelo.suaMusicaTests;
				PRODUCT_NAME = "$(TARGET_NAME)";
				SWIFT_EMIT_LOC_STRINGS = NO;
				SWIFT_VERSION = 5.0;
				TARGETED_DEVICE_FAMILY = "1,2";
				TEST_HOST = "$(BUILT_PRODUCTS_DIR)/suaMusica.app/$(BUNDLE_EXECUTABLE_FOLDER_PATH)/suaMusica";
			};
			name = Debug;
		};
		75041EFD2F6D91B5006768BF /* Release */ = {
			isa = XCBuildConfiguration;
			buildSettings = {
				ALWAYS_EMBED_SWIFT_STANDARD_LIBRARIES = YES;
				BUNDLE_LOADER = "$(TEST_HOST)";
				CODE_SIGN_STYLE = Automatic;
				CURRENT_PROJECT_VERSION = 1;
				GENERATE_INFOPLIST_FILE = YES;
				IPHONEOS_DEPLOYMENT_TARGET = 17.5;
				MARKETING_VERSION = 1.0;
				PRODUCT_BUNDLE_IDENTIFIER = com.rafaelmelo.suaMusicaTests;
				PRODUCT_NAME = "$(TARGET_NAME)";
				SWIFT_EMIT_LOC_STRINGS = NO;
				SWIFT_VERSION = 5.0;
				TARGETED_DEVICE_FAMILY = "1,2";
				TEST_HOST = "$(BUILT_PRODUCTS_DIR)/suaMusica.app/$(BUNDLE_EXECUTABLE_FOLDER_PATH)/suaMusica";
			};
			name = Release;
		};
		75041EFF2F6D91B5006768BF /* Debug */ = {
			isa = XCBuildConfiguration;
			buildSettings = {
				ALWAYS_EMBED_SWIFT_STANDARD_LIBRARIES = YES;
				CODE_SIGN_STYLE = Automatic;
				CURRENT_PROJECT_VERSION = 1;
				GENERATE_INFOPLIST_FILE = YES;
				MARKETING_VERSION = 1.0;
				PRODUCT_BUNDLE_IDENTIFIER = com.rafaelmelo.suaMusicaUITests;
				PRODUCT_NAME = "$(TARGET_NAME)";
				SWIFT_EMIT_LOC_STRINGS = NO;
				SWIFT_VERSION = 5.0;
				TARGETED_DEVICE_FAMILY = "1,2";
				TEST_TARGET_NAME = suaMusica;
			};
			name = Debug;
		};
		75041F002F6D91B5006768BF /* Release */ = {
			isa = XCBuildConfiguration;
			buildSettings = {
				ALWAYS_EMBED_SWIFT_STANDARD_LIBRARIES = YES;
				CODE_SIGN_STYLE = Automatic;
				CURRENT_PROJECT_VERSION = 1;
				GENERATE_INFOPLIST_FILE = YES;
				MARKETING_VERSION = 1.0;
				PRODUCT_BUNDLE_IDENTIFIER = com.rafaelmelo.suaMusicaUITests;
				PRODUCT_NAME = "$(TARGET_NAME)";
				SWIFT_EMIT_LOC_STRINGS = NO;
				SWIFT_VERSION = 5.0;
				TARGETED_DEVICE_FAMILY = "1,2";
				TEST_TARGET_NAME = suaMusica;
			};
			name = Release;
		};
/* End XCBuildConfiguration section */

/* Begin XCConfigurationList section */
		75041ECF2F6D91B2006768BF /* Build configuration list for PBXProject "suaMusica" */ = {
			isa = XCConfigurationList;
			buildConfigurations = (
				75041EF62F6D91B4006768BF /* Debug */,
				75041EF72F6D91B4006768BF /* Release */,
			);
			defaultConfigurationIsVisible = 0;
			defaultConfigurationName = Release;
		};
		75041EF82F6D91B4006768BF /* Build configuration list for PBXNativeTarget "suaMusica" */ = {
			isa = XCConfigurationList;
			buildConfigurations = (
				75041EF92F6D91B4006768BF /* Debug */,
				75041EFA2F6D91B4006768BF /* Release */,
			);
			defaultConfigurationIsVisible = 0;
			defaultConfigurationName = Release;
		};
		75041EFB2F6D91B5006768BF /* Build configuration list for PBXNativeTarget "suaMusicaTests" */ = {
			isa = XCConfigurationList;
			buildConfigurations = (
				75041EFC2F6D91B5006768BF /* Debug */,
				75041EFD2F6D91B5006768BF /* Release */,
			);
			defaultConfigurationIsVisible = 0;
			defaultConfigurationName = Release;
		};
		75041EFE2F6D91B5006768BF /* Build configuration list for PBXNativeTarget "suaMusicaUITests" */ = {
			isa = XCConfigurationList;
			buildConfigurations = (
				75041EFF2F6D91B5006768BF /* Debug */,
				75041F002F6D91B5006768BF /* Release */,
			);
			defaultConfigurationIsVisible = 0;
			defaultConfigurationName = Release;
		};
/* End XCConfigurationList section */
	};
	rootObject = 75041ECC2F6D91B2006768BF /* Project object */;
}
